
Microsoft Visual Studio Solution File, Format Version 12.00
# Visual Studio Version 17
VisualStudioVersion = 17.0.31903.59
MinimumVisualStudioVersion = 10.0.40219.1
Project("{2150E333-8FDC-42A3-9474-1A3956D46DE8}") = "src", "src", "{827E0CD3-B72D-47B6-A68D-7590B98EB39B}"
EndProject
Project("{FAE04EC0-301F-11D3-BF4B-00C04F79EFBC}") = "Mehfil.Core", "src\Mehfil.Core\Mehfil.Core.csproj", "{903388DE-C0CB-4EFE-87C9-8DCA29D21CAD}"
EndProject
Project("{FAE04EC0-301F-11D3-BF4B-00C04F79EFBC}") = "Mehfil.Infrastructure", "src\Mehfil.Infrastructure\Mehfil.Infrastructure.csproj", "{A2D5CB2B-33FE-44F5-AC5F-7E960728472C}"
EndProject
Project("{FAE04EC0-301F-11D3-BF4B-00C04F79EFBC}") = "Mehfil.Api", "src\Mehfil.Api\Mehfil.Api.csproj", "{6ADE5ED5-C417-4FC8-8DEE-F523FEEC2B43}"
EndProject
Project("{2150E333-8FDC-42A3-9474-1A3956D46DE8}") = "tests", "tests", "{0AB3BF05-4346-4AA6-1389-037BE0695223}"
EndProject
Project("{FAE04EC0-301F-11D3-BF4B-00C04F79EFBC}") = "Mehfil.Tests", "tests\Mehfil.Tests\Mehfil.Tests.csproj", "{22EFC817-E010-41BD-BD60-FC09874DC5E9}"
EndProject
Global
	GlobalSection(SolutionConfigurationPlatforms) = preSolution
		Debug|Any CPU = Debug|Any CPU
		Debug|x64 = Debug|x64
		Debug|x86 = Debug|x86
		Release|Any CPU = Release|Any CPU
		Release|x64 = Release|x64
		Release|x86 = Release|x86
	EndGlobalSection
	GlobalSection(ProjectConfigurationPlatforms) = postSolution
		{903388DE-C0CB-4EFE-87C9-8DCA29D21CAD}.Debug|Any CPU.ActiveCfg = Debug|Any CPU
		{903388DE-C0CB-4EFE-87C9-8DCA29D21CAD}.Debug|Any CPU.Build.0 = Debug|Any CPU
		{903388DE-C0CB-4EFE-87C9-8DCA29D21CAD}.Debug|x64.ActiveCfg = Debug|Any CPU
		{903388DE-C0CB-4EFE-87C9-8DCA29D21CAD}.Debug|x64.Build.0 = Debug|Any CPU
		{903388DE-C0CB-4EFE-87C9-8DCA29D21CAD}.Debug|x86.ActiveCfg = Debug|Any CPU
		{903388DE-C0CB-4EFE-87C9-8DCA29D21CAD}.Debug|x86.Build.0 = Debug|Any CPU
		{903388DE-C0CB-4EFE-87C9-8DCA29D21CAD}.Release|Any CPU.ActiveCfg = Release|Any CPU
		{903388DE-C0CB-4EFE-87C9-8DCA29D21CAD}.Release|Any CPU.Build.0 = Release|Any CPU
		{903388DE-C0CB-4EFE-87C9-8DCA29D21CAD}.Release|x64.ActiveCfg = Release|Any CPU
		{903388DE-C0CB-4EFE-87C9-8DCA29D21CAD}.Release|x64.Build.0 = Release|Any CPU
		{903388DE-C0CB-4EFE-87C9-8DCA29D21CAD}.Release|x86.ActiveCfg = Release|Any CPU
		{903388DE-C0CB-4EFE-87C9-8DCA29D21CAD}.Release|x86.Build.0 = Release|Any CPU
		{A2D5CB2B-33FE-44F5-AC5F-7E960728472C}.Debug|Any CPU.ActiveCfg = Debug|Any CPU
		{A2D5CB2B-33FE-44F5-AC5F-7E960728472C}.Debug|Any CPU.Build.0 = Debug|Any CPU
		{A2D5CB2B-33FE-44F5-AC5F-7E960728472C}.Debug|x64.ActiveCfg = Debug|Any CPU
		{A2D5CB2B-33FE-44F5-AC5F-7E960728472C}.Debug|x64.Build.0 = Debug|Any CPU
		{A2D5CB2B-33FE-44F5-AC5F-7E960728472C}.Debug|x86.ActiveCfg = Debug|Any CPU
		{A2D5CB2B-33FE-44F5-AC5F-7E960728472C}.Debug|x86.Build.0 = Debug|Any CPU
		{A2D5CB2B-33FE-44F5-AC5F-7E960728472C}.Release|Any CPU.ActiveCfg = Release|Any CPU
		{A2D5CB2B-33FE-44F5-AC5F-7E960728472C}.Release|Any CPU.Build.0 = Release|Any CPU
		{A2D5CB2B-33FE-44F5-AC5F-7E960728472C}.Release|x64.ActiveCfg = Release|Any CPU
		{A2D5CB2B-33FE-44F5-AC5F-7E960728472C}.Release|x64.Build.0 = Release|Any CPU
		{A2D5CB2B-33FE-44F5-AC5F-7E960728472C}.Release|x86.ActiveCfg = Release|Any CPU
		{A2D5CB2B-33FE-44F5-AC5F-7E960728472C}.Release|x86.Build.0 = Release|Any CPU
		{6ADE5ED5-C417-4FC8-8DEE-F523FEEC2B43}.Debug|Any CPU.ActiveCfg = Debug|Any CPU
		{6ADE5ED5-C417-4FC8-8DEE-F523FEEC2B43}.Debug|Any CPU.Build.0 = Debug|Any CPU
		{6ADE5ED5-C417-4FC8-8DEE-F523FEEC2B43}.Debug|x64.ActiveCfg = Debug|Any CPU
		{6ADE5ED5-C417-4FC8-8DEE-F523FEEC2B43}.Debug|x64.Build.0 = Debug|Any CPU
		{6ADE5ED5-C417-4FC8-8DEE-F523FEEC2B43}.Debug|x86.ActiveCfg = Debug|Any CPU
		{6ADE5ED5-C417-4FC8-8DEE-F523FEEC2B43}.Debug|x86.Build.0 = Debug|Any CPU
		{6ADE5ED5-C417-4FC8-8DEE-F523FEEC2B43}.Release|Any CPU.ActiveCfg = Release|Any CPU
		{6ADE5ED5-C417-4FC8-8DEE-F523FEEC2B43}.Release|Any CPU.Build.0 = Release|Any CPU
		{6ADE5ED5-C417-4FC8-8DEE-F523FEEC2B43}.Release|x64.ActiveCfg = Release|Any CPU
		{6ADE5ED5-C417-4FC8-8DEE-F523FEEC2B43}.Release|x64.Build.0 = Release|Any CPU
		{6ADE5ED5-C417-4FC8-8DEE-F523FEEC2B43}.Release|x86.ActiveCfg = Release|Any CPU
		{6ADE5ED5-C417-4FC8-8DEE-F523FEEC2B43}.Release|x86.Build.0 = Release|Any CPU
		{22EFC817-E010-41BD-BD60-FC09874DC5E9}.Debug|Any CPU.ActiveCfg = Debug|Any CPU
		{22EFC817-E010-41BD-BD60-FC09874DC5E9}.Debug|Any CPU.Build.0 = Debug|Any CPU
		{22EFC817-E010-41BD-BD60-FC09874DC5E9}.Debug|x64.ActiveCfg = Debug|Any CPU
		{22EFC817-E010-41BD-BD60-FC09874DC5E9}.Debug|x64.Build.0 = Debug|Any CPU
		{22EFC817-E010-41BD-BD60-FC09874DC5E9}.Debug|x86.ActiveCfg = Debug|Any CPU
		{22EFC817-E010-41BD-BD60-FC09874DC5E9}.Debug|x86.Build.0 = Debug|Any CPU
		{22EFC817-E010-41BD-BD60-FC09874DC5E9}.Release|Any CPU.ActiveCfg = Release|Any CPU
		{22EFC817-E010-41BD-BD60-FC09874DC5E9}.Release|Any CPU.Build.0 = Release|Any CPU
		{22EFC817-E010-41BD-BD60-FC09874DC5E9}.Release|x64.ActiveCfg = Release|Any CPU
		{22EFC817-E010-41BD-BD60-FC09874DC5E9}.Release|x64.Build.0 = Release|Any CPU
		{22EFC817-E010-41BD-BD60-FC09874DC5E9}.Release|x86.ActiveCfg = Release|Any CPU
		{22EFC817-E010-41BD-BD60-FC09874DC5E9}.Release|x86.Build.0 = Release|Any CPU
	EndGlobalSection
	GlobalSection(SolutionProperties) = preSolution
		HideSolutionNode = FALSE
	EndGlobalSection
	GlobalSection(NestedProjects) = preSolution
		{903388DE-C0CB-4EFE-87C9-8DCA29D21CAD} = {827E0CD3-B72D-47B6-A68D-7590B98EB39B}
		{A2D5CB2B-33FE-44F5-AC5F-7E960728472C} = {827E0CD3-B72D-47B6-A68D-7590B98EB39B}
		{6ADE5ED5-C417-4FC8-8DEE-F523FEEC2B43} = {827E0CD3-B72D-47B6-A68D-7590B98EB39B}
		{22EFC817-E010-41BD-BD60-FC09874DC5E9} = {0AB3BF05-4346-4AA6-1389-037BE0695223}
	EndGlobalSection
EndGlobal
